// !$*UTF8*$!
{
	archiveVersion = 1;
	classes = {
	};
	objectVersion = 46;
	objects = {

/* Begin PBXBuildFile section */
		536D53F71C6451E700468382 /* AppDelegate.swift in Sources */ = {isa = PBXBuildFile; fileRef = 536D53F61C6451E700468382 /* AppDelegate.swift */; };
		536D53FC1C6451E700468382 /* Main.storyboard in Resources */ = {isa = PBXBuildFile; fileRef = 536D53FA1C6451E700468382 /* Main.storyboard */; };
		536D53FE1C6451E700468382 /* Assets.xcassets in Resources */ = {isa = PBXBuildFile; fileRef = 536D53FD1C6451E700468382 /* Assets.xcassets */; };
		536D54011C6451E700468382 /* LaunchScreen.storyboard in Resources */ = {isa = PBXBuildFile; fileRef = 536D53FF1C6451E700468382 /* LaunchScreen.storyboard */; };
		536D540D1C6452B600468382 /* MoviesViewController.swift in Sources */ = {isa = PBXBuildFile; fileRef = 536D540C1C6452B600468382 /* MoviesViewController.swift */; };
		536D54101C64615B00468382 /* MovieCell.swift in Sources */ = {isa = PBXBuildFile; fileRef = 536D540F1C64615B00468382 /* MovieCell.swift */; };
		536D54131C648B5F00468382 /* MovieDetailsViewController.swift in Sources */ = {isa = PBXBuildFile; fileRef = 536D54121C648B5F00468382 /* MovieDetailsViewController.swift */; };
		8A99E97FA860DCCB520A1DCC /* Pods_Flickster.framework in Frameworks */ = {isa = PBXBuildFile; fileRef = 3AA7FB77860E2E4D6D34182D /* Pods_Flickster.framework */; };
/* End PBXBuildFile section */

/* Begin PBXFileReference section */
		085D63663CCBB72A4AE5B1A5 /* Pods-Flickster.release.xcconfig */ = {isa = PBXFileReference; includeInIndex = 1; lastKnownFileType = text.xcconfig; name = "Pods-Flickster.release.xcconfig"; path = "Pods/Target Support Files/Pods-Flickster/Pods-Flickster.release.xcconfig"; sourceTree = "<group>"; };
		3AA7FB77860E2E4D6D34182D /* Pods_Flickster.framework */ = {isa = PBXFileReference; explicitFileType = wrapper.framework; includeInIndex = 0; path = Pods_Flickster.framework; sourceTree = BUILT_PRODUCTS_DIR; };
		536D53F31C6451E700468382 /* Flickster.app */ = {isa = PBXFileReference; explicitFileType = wrapper.application; includeInIndex = 0; path = Flickster.app; sourceTree = BUILT_PRODUCTS_DIR; };
		536D53F61C6451E700468382 /* AppDelegate.swift */ = {isa = PBXFileReference; lastKnownFileType = sourcecode.swift; path = AppDelegate.swift; sourceTree = "<group>"; };
		536D53FB1C6451E700468382 /* Base */ = {isa = PBXFileReference; lastKnownFileType = file.storyboard; name = Base; path = Base.lproj/Main.storyboard; sourceTree = "<group>"; };
		536D53FD1C6451E700468382 /* Assets.xcassets */ = {isa = PBXFileReference; lastKnownFileType = folder.assetcatalog; path = Assets.xcassets; sourceTree = "<group>"; };
		536D54001C6451E700468382 /* Base */ = {isa = PBXFileReference; lastKnownFileType = file.storyboard; name = Base; path = Base.lproj/LaunchScreen.storyboard; sourceTree = "<group>"; };
		536D54021C6451E700468382 /* Info.plist */ = {isa = PBXFileReference; lastKnownFileType = text.plist.xml; path = Info.plist; sourceTree = "<group>"; };
		536D540C1C6452B600468382 /* MoviesViewController.swift */ = {isa = PBXFileReference; fileEncoding = 4; lastKnownFileType = sourcecode.swift; path = MoviesViewController.swift; sourceTree = "<group>"; };
		536D540F1C64615B00468382 /* MovieCell.swift */ = {isa = PBXFileReference; fileEncoding = 4; lastKnownFileType = sourcecode.swift; path = MovieCell.swift; sourceTree = "<group>"; };
		536D54121C648B5F00468382 /* MovieDetailsViewController.swift */ = {isa = PBXFileReference; fileEncoding = 4; lastKnownFileType = sourcecode.swift; path = MovieDetailsViewController.swift; sourceTree = "<group>"; };
		7E006E5CDB85B34FD7C6557F /* Pods-Flickster.debug.xcconfig */ = {isa = PBXFileReference; includeInIndex = 1; lastKnownFileType = text.xcconfig; name = "Pods-Flickster.debug.xcconfig"; path = "Pods/Target Support Files/Pods-Flickster/Pods-Flickster.debug.xcconfig"; sourceTree = "<group>"; };
/* End PBXFileReference section */

/* Begin PBXFrameworksBuildPhase section */
		536D53F01C6451E700468382 /* Frameworks */ = {
			isa = PBXFrameworksBuildPhase;
			buildActionMask = 2147483647;
			files = (
				8A99E97FA860DCCB520A1DCC /* Pods_Flickster.framework in Frameworks */,
			);
			runOnlyForDeploymentPostprocessing = 0;
		};
/* End PBXFrameworksBuildPhase section */

/* Begin PBXGroup section */
		536D53EA1C6451E700468382 = {
			isa = PBXGroup;
			children = (
				536D53F51C6451E700468382 /* Flickster */,
				536D53F41C6451E700468382 /* Products */,
				EDE62DBB00F85A0333C429CD /* Pods */,
				69164FA27A6F727780EA6DD7 /* Frameworks */,
			);
			sourceTree = "<group>";
		};
		536D53F41C6451E700468382 /* Products */ = {
			isa = PBXGroup;
			children = (
				536D53F31C6451E700468382 /* Flickster.app */,
			);
			name = Products;
			sourceTree = "<group>";
		};
		536D53F51C6451E700468382 /* Flickster */ = {
			isa = PBXGroup;
			children = (
				536D54111C64616800468382 /* View Controllers */,
				536D540E1C64611C00468382 /* Views */,
				536D53F61C6451E700468382 /* AppDelegate.swift */,
				536D53FA1C6451E700468382 /* Main.storyboard */,
				536D53FD1C6451E700468382 /* Assets.xcassets */,
				536D53FF1C6451E700468382 /* LaunchScreen.storyboard */,
				536D54021C6451E700468382 /* Info.plist */,
			);
			path = Flickster;
			sourceTree = "<group>";
		};
		536D540E1C64611C00468382 /* Views */ = {
			isa = PBXGroup;
			children = (
				536D540F1C64615B00468382 /* MovieCell.swift */,
			);
			name = Views;
			sourceTree = "<group>";
		};
		536D54111C64616800468382 /* View Controllers */ = {
			isa = PBXGroup;
			children = (
				536D540C1C6452B600468382 /* MoviesViewController.swift */,
				536D54121C648B5F00468382 /* MovieDetailsViewController.swift */,
			);
			name = "View Controllers";
			sourceTree = "<group>";
		};
		69164FA27A6F727780EA6DD7 /* Frameworks */ = {
			isa = PBXGroup;
			children = (
				3AA7FB77860E2E4D6D34182D /* Pods_Flickster.framework */,
			);
			name = Frameworks;
			sourceTree = "<group>";
		};
		EDE62DBB00F85A0333C429CD /* Pods */ = {
			isa = PBXGroup;
			children = (
				7E006E5CDB85B34FD7C6557F /* Pods-Flickster.debug.xcconfig */,
				085D63663CCBB72A4AE5B1A5 /* Pods-Flickster.release.xcconfig */,
			);
			name = Pods;
			sourceTree = "<group>";
		};
/* End PBXGroup section */

/* Begin PBXNativeTarget section */
		536D53F21C6451E700468382 /* Flickster */ = {
			isa = PBXNativeTarget;
			buildConfigurationList = 536D54051C6451E700468382 /* Build configuration list for PBXNativeTarget "Flickster" */;
			buildPhases = (
				C3F58EAB5DECAED0634D9A97 /* Check Pods Manifest.lock */,
				536D53EF1C6451E700468382 /* Sources */,
				536D53F01C6451E700468382 /* Frameworks */,
				536D53F11C6451E700468382 /* Resources */,
				9B9AFC32DD629B74212EDE62 /* Embed Pods Frameworks */,
				8FCB3C90EDAA9CC2DA922C3A /* Copy Pods Resources */,
			);
			buildRules = (
			);
			dependencies = (
			);
			name = Flickster;
			productName = Flickster;
			productReference = 536D53F31C6451E700468382 /* Flickster.app */;
			productType = "com.apple.product-type.application";
		};
/* End PBXNativeTarget section */

/* Begin PBXProject section */
		536D53EB1C6451E700468382 /* Project object */ = {
			isa = PBXProject;
			attributes = {
				LastSwiftUpdateCheck = 0720;
				LastUpgradeCheck = 0720;
				ORGANIZATIONNAME = "Priscilla Lok";
				TargetAttributes = {
					536D53F21C6451E700468382 = {
						CreatedOnToolsVersion = 7.2.1;
					};
				};
			};
			buildConfigurationList = 536D53EE1C6451E700468382 /* Build configuration list for PBXProject "Flickster" */;
			compatibilityVersion = "Xcode 3.2";
			developmentRegion = English;
			hasScannedForEncodings = 0;
			knownRegions = (
				en,
				Base,
			);
			mainGroup = 536D53EA1C6451E700468382;
			productRefGroup = 536D53F41C6451E700468382 /* Products */;
			projectDirPath = "";
			projectRoot = "";
			targets = (
				536D53F21C6451E700468382 /* Flickster */,
			);
		};
/* End PBXProject section */

/* Begin PBXResourcesBuildPhase section */
		536D53F11C6451E700468382 /* Resources */ = {
			isa = PBXResourcesBuildPhase;
			buildActionMask = 2147483647;
			files = (
				536D54011C6451E700468382 /* LaunchScreen.storyboard in Resources */,
				536D53FE1C6451E700468382 /* Assets.xcassets in Resources */,
				536D53FC1C6451E700468382 /* Main.storyboard in Resources */,
			);
			runOnlyForDeploymentPostprocessing = 0;
		};
/* End PBXResourcesBuildPhase section */

/* Begin PBXShellScriptBuildPhase section */
		8FCB3C90EDAA9CC2DA922C3A /* Copy Pods Resources */ = {
			isa = PBXShellScriptBuildPhase;
			buildActionMask = 2147483647;
			files = (
			);
			inputPaths = (
			);
			name = "Copy Pods Resources";
			outputPaths = (
			);
			runOnlyForDeploymentPostprocessing = 0;
			shellPath = /bin/sh;
			shellScript = "\"${SRCROOT}/Pods/Target Support Files/Pods-Flickster/Pods-Flickster-resources.sh\"\n";
			showEnvVarsInLog = 0;
		};
		9B9AFC32DD629B74212EDE62 /* Embed Pods Frameworks */ = {
			isa = PBXShellScriptBuildPhase;
			buildActionMask = 2147483647;
			files = (
			);
			inputPaths = (
			);
			name = "Embed Pods Frameworks";
			outputPaths = (
			);
			runOnlyForDeploymentPostprocessing = 0;
			shellPath = /bin/sh;
			shellScript = "\"${SRCROOT}/Pods/Target Support Files/Pods-Flickster/Pods-Flickster-frameworks.sh\"\n";
			showEnvVarsInLog = 0;
		};
		C3F58EAB5DECAED0634D9A97 /* Check Pods Manifest.lock */ = {
			isa = PBXShellScriptBuildPhase;
			buildActionMask = 2147483647;
			files = (
			);
			inputPaths = (
			);
			name = "Check Pods Manifest.lock";
			outputPaths = (
			);
			runOnlyForDeploymentPostprocessing = 0;
			shellPath = /bin/sh;
			shellScript = "diff \"${PODS_ROOT}/../Podfile.lock\" \"${PODS_ROOT}/Manifest.lock\" > /dev/null\nif [[ $? != 0 ]] ; then\n    cat << EOM\nerror: The sandbox is not in sync with the Podfile.lock. Run 'pod install' or update your CocoaPods installation.\nEOM\n    exit 1\nfi\n";
			showEnvVarsInLog = 0;
		};
/* End PBXShellScriptBuildPhase section */

/* Begin PBXSourcesBuildPhase section */
		536D53EF1C6451E700468382 /* Sources */ = {
			isa = PBXSourcesBuildPhase;
			buildActionMask = 2147483647;
			files = (
				536D54131C648B5F00468382 /* MovieDetailsViewController.swift in Sources */,
				536D53F71C6451E700468382 /* AppDelegate.swift in Sources */,
				536D540D1C6452B600468382 /* MoviesViewController.swift in Sources */,
				536D54101C64615B00468382 /* MovieCell.swift in Sources */,
			);
			runOnlyForDeploymentPostprocessing = 0;
		};
/* End PBXSourcesBuildPhase section */

/* Begin PBXVariantGroup section */
		536D53FA1C6451E700468382 /* Main.storyboard */ = {
			isa = PBXVariantGroup;
			children = (
				536D53FB1C6451E700468382 /* Base */,
			);
			name = Main.storyboard;
			sourceTree = "<group>";
		};
		536D53FF1C6451E700468382 /* LaunchScreen.storyboard */ = {
			isa = PBXVariantGroup;
			children = (
				536D54001C6451E700468382 /* Base */,
			);
			name = LaunchScreen.storyboard;
			sourceTree = "<group>";
		};
/* End PBXVariantGroup section */

/* Begin XCBuildConfiguration section */
		536D54031C6451E700468382 /* Debug */ = {
			isa = XCBuildConfiguration;
			buildSettings = {
				ALWAYS_SEARCH_USER_PATHS = NO;
				CLANG_CXX_LANGUAGE_STANDARD = "gnu++0x";
				CLANG_CXX_LIBRARY = "libc++";
				CLANG_ENABLE_MODULES = YES;
				CLANG_ENABLE_OBJC_ARC = YES;
				CLANG_WARN_BOOL_CONVERSION = YES;
				CLANG_WARN_CONSTANT_CONVERSION = YES;
				CLANG_WARN_DIRECT_OBJC_ISA_USAGE = YES_ERROR;
				CLANG_WARN_EMPTY_BODY = YES;
				CLANG_WARN_ENUM_CONVERSION = YES;
				CLANG_WARN_INT_CONVERSION = YES;
				CLANG_WARN_OBJC_ROOT_CLASS = YES_ERROR;
				CLANG_WARN_UNREACHABLE_CODE = YES;
				CLANG_WARN__DUPLICATE_METHOD_MATCH = YES;
				"CODE_SIGN_IDENTITY[sdk=iphoneos*]" = "iPhone Developer";
				COPY_PHASE_STRIP = NO;
				DEBUG_INFORMATION_FORMAT = dwarf;
				ENABLE_STRICT_OBJC_MSGSEND = YES;
				ENABLE_TESTABILITY = YES;
				GCC_C_LANGUAGE_STANDARD = gnu99;
				GCC_DYNAMIC_NO_PIC = NO;
				GCC_NO_COMMON_BLOCKS = YES;
				GCC_OPTIMIZATION_LEVEL = 0;
				GCC_PREPROCESSOR_DEFINITIONS = (
					"DEBUG=1",
					"$(inherited)",
				);
				GCC_WARN_64_TO_32_BIT_CONVERSION = YES;
				GCC_WARN_ABOUT_RETURN_TYPE = YES_ERROR;
				GCC_WARN_UNDECLARED_SELECTOR = YES;
				GCC_WARN_UNINITIALIZED_AUTOS = YES_AGGRESSIVE;
				GCC_WARN_UNUSED_FUNCTION = YES;
				GCC_WARN_UNUSED_VARIABLE = YES;
				IPHONEOS_DEPLOYMENT_TARGET = 9.2;
				MTL_ENABLE_DEBUG_INFO = YES;
				ONLY_ACTIVE_ARCH = YES;
				SDKROOT = iphoneos;
				SWIFT_OPTIMIZATION_LEVEL = "-Onone";
			};
			name = Debug;
		};
		536D54041C6451E700468382 /* Release */ = {
			isa = XCBuildConfiguration;
			buildSettings = {
				ALWAYS_SEARCH_USER_PATHS = NO;
				CLANG_CXX_LANGUAGE_STANDARD = "gnu++0x";
				CLANG_CXX_LIBRARY = "libc++";
				CLANG_ENABLE_MODULES = YES;
				CLANG_ENABLE_OBJC_ARC = YES;
				CLANG_WARN_BOOL_CONVERSION = YES;
				CLANG_WARN_CONSTANT_CONVERSION = YES;
				CLANG_WARN_DIRECT_OBJC_ISA_USAGE = YES_ERROR;
				CLANG_WARN_EMPTY_BODY = YES;
				CLANG_WARN_ENUM_CONVERSION = YES;
				CLANG_WARN_INT_CONVERSION = YES;
				CLANG_WARN_OBJC_ROOT_CLASS = YES_ERROR;
				CLANG_WARN_UNREACHABLE_CODE = YES;
				CLANG_WARN__DUPLICATE_METHOD_MATCH = YES;
				"CODE_SIGN_IDENTITY[sdk=iphoneos*]" = "iPhone Developer";
				COPY_PHASE_STRIP = NO;
				DEBUG_INFORMATION_FORMAT = "dwarf-with-dsym";
				ENABLE_NS_ASSERTIONS = NO;
				ENABLE_STRICT_OBJC_MSGSEND = YES;
				GCC_C_LANGUAGE_STANDARD = gnu99;
				GCC_NO_COMMON_BLOCKS = YES;
				GCC_WARN_64_TO_32_BIT_CONVERSION = YES;
				GCC_WARN_ABOUT_RETURN_TYPE = YES_ERROR;
				GCC_WARN_UNDECLARED_SELECTOR = YES;
				GCC_WARN_UNINITIALIZED_AUTOS = YES_AGGRESSIVE;
				GCC_WARN_UNUSED_FUNCTION = YES;
				GCC_WARN_UNUSED_VARIABLE = YES;
				IPHONEOS_DEPLOYMENT_TARGET = 9.2;
				MTL_ENABLE_DEBUG_INFO = NO;
				SDKROOT = iphoneos;
				VALIDATE_PRODUCT = YES;
			};
			name = Release;
		};
		536D54061C6451E700468382 /* Debug */ = {
			isa = XCBuildConfiguration;
			baseConfigurationReference = 7E006E5CDB85B34FD7C6557F /* Pods-Flickster.debug.xcconfig */;
			buildSettings = {
				ASSETCATALOG_COMPILER_APPICON_NAME = AppIcon;
				INFOPLIST_FILE = Flickster/Info.plist;
				LD_RUNPATH_SEARCH_PATHS = "$(inherited) @executable_path/Frameworks";
				PRODUCT_BUNDLE_IDENTIFIER = com.codepath.Flickster;
				PRODUCT_NAME = "$(TARGET_NAME)";
			};
			name = Debug;
		};
		536D54071C6451E700468382 /* Release */ = {
			isa = XCBuildConfiguration;
			baseConfigurationReference = 085D63663CCBB72A4AE5B1A5 /* Pods-Flickster.release.xcconfig */;
			buildSettings = {
				ASSETCATALOG_COMPILER_APPICON_NAME = AppIcon;
				INFOPLIST_FILE = Flickster/Info.plist;
				LD_RUNPATH_SEARCH_PATHS = "$(inherited) @executable_path/Frameworks";
				PRODUCT_BUNDLE_IDENTIFIER = com.codepath.Flickster;
				PRODUCT_NAME = "$(TARGET_NAME)";
			};
			name = Release;
		};
/* End XCBuildConfiguration section */

/* Begin XCConfigurationList section */
		536D53EE1C6451E700468382 /* Build configuration list for PBXProject "Flickster" */ = {
			isa = XCConfigurationList;
			buildConfigurations = (
				536D54031C6451E700468382 /* Debug */,
				536D54041C6451E700468382 /* Release */,
			);
			defaultConfigurationIsVisible = 0;
			defaultConfigurationName = Release;
		};
		536D54051C6451E700468382 /* Build configuration list for PBXNativeTarget "Flickster" */ = {
			isa = XCConfigurationList;
			buildConfigurations = (
				536D54061C6451E700468382 /* Debug */,
				536D54071C6451E700468382 /* Release */,
			);
			defaultConfigurationIsVisible = 0;
			defaultConfigurationName = Release;
		};
/* End XCConfigurationList section */
	};
	rootObject = 536D53EB1C6451E700468382 /* Project object */;
}
